
Microsoft Visual Studio Solution File, Format Version 12.00
# Visual Studio Version 17
VisualStudioVersion = 17.0.31903.59
MinimumVisualStudioVersion = 10.0.40219.1
Project("{FAE04EC0-301F-11D3-BF4B-00C04F79EFBC}") = "HengcordTCG.Shared", "HengcordTCG.Shared\HengcordTCG.Shared.csproj", "{67408A13-FBF5-4640-8A46-968A910CEB8A}"
EndProject
Project("{FAE04EC0-301F-11D3-BF4B-00C04F79EFBC}") = "HengcordTCG.Server", "HengcordTCG.Server\HengcordTCG.Server.csproj", "{107CC815-E838-42F7-BECD-C7CBDAE9F0AC}"
EndProject
Project("{FAE04EC0-301F-11D3-BF4B-00C04F79EFBC}") = "HengcordTCG.Bot", "HengcordTCG.Bot\HengcordTCG.Bot.csproj", "{8657D888-162B-4044-BF28-DA692CABAC79}"
EndProject
Project("{FAE04EC0-301F-11D3-BF4B-00C04F79EFBC}") = "HengcordTCG.Web", "HengcordTCG.Web\HengcordTCG.Web.csproj", "{B68132B6-0488-4BAF-9E9D-C98501488B2B}"
EndProject
Project("{FAE04EC0-301F-11D3-BF4B-00C04F79EFBC}") = "HengcordTCG.Web.Client", "HengcordTCG.Web.Client\HengcordTCG.Web.Client.csproj", "{E97E0CC0-48DC-4BC5-ACC3-EEE1DA043940}"
EndProject
Global
	GlobalSection(SolutionConfigurationPlatforms) = preSolution
		Debug|Any CPU = Debug|Any CPU
		Debug|x64 = Debug|x64
		Debug|x86 = Debug|x86
		Release|Any CPU = Release|Any CPU
		Release|x64 = Release|x64
		Release|x86 = Release|x86
	EndGlobalSection
	GlobalSection(ProjectConfigurationPlatforms) = postSolution
		{67408A13-FBF5-4640-8A46-968A910CEB8A}.Debug|Any CPU.ActiveCfg = Debug|Any CPU
		{67408A13-FBF5-4640-8A46-968A910CEB8A}.Debug|Any CPU.Build.0 = Debug|Any CPU
		{67408A13-FBF5-4640-8A46-968A910CEB8A}.Debug|x64.ActiveCfg = Debug|Any CPU
		{67408A13-FBF5-4640-8A46-968A910CEB8A}.Debug|x64.Build.0 = Debug|Any CPU
		{67408A13-FBF5-4640-8A46-968A910CEB8A}.Debug|x86.ActiveCfg = Debug|Any CPU
		{67408A13-FBF5-4640-8A46-968A910CEB8A}.Debug|x86.Build.0 = Debug|Any CPU
		{67408A13-FBF5-4640-8A46-968A910CEB8A}.Release|Any CPU.ActiveCfg = Release|Any CPU
		{67408A13-FBF5-4640-8A46-968A910CEB8A}.Release|Any CPU.Build.0 = Release|Any CPU
		{67408A13-FBF5-4640-8A46-968A910CEB8A}.Release|x64.ActiveCfg = Release|Any CPU
		{67408A13-FBF5-4640-8A46-968A910CEB8A}.Release|x64.Build.0 = Release|Any CPU
		{67408A13-FBF5-4640-8A46-968A910CEB8A}.Release|x86.ActiveCfg = Release|Any CPU
		{67408A13-FBF5-4640-8A46-968A910CEB8A}.Release|x86.Build.0 = Release|Any CPU
		{107CC815-E838-42F7-BECD-C7CBDAE9F0AC}.Debug|Any CPU.ActiveCfg = Debug|Any CPU
		{107CC815-E838-42F7-BECD-C7CBDAE9F0AC}.Debug|Any CPU.Build.0 = Debug|Any CPU
		{107CC815-E838-42F7-BECD-C7CBDAE9F0AC}.Debug|x64.ActiveCfg = Debug|Any CPU
		{107CC815-E838-42F7-BECD-C7CBDAE9F0AC}.Debug|x64.Build.0 = Debug|Any CPU
		{107CC815-E838-42F7-BECD-C7CBDAE9F0AC}.Debug|x86.ActiveCfg = Debug|Any CPU
		{107CC815-E838-42F7-BECD-C7CBDAE9F0AC}.Debug|x86.Build.0 = Debug|Any CPU
		{107CC815-E838-42F7-BECD-C7CBDAE9F0AC}.Release|Any CPU.ActiveCfg = Release|Any CPU
		{107CC815-E838-42F7-BECD-C7CBDAE9F0AC}.Release|Any CPU.Build.0 = Release|Any CPU
		{107CC815-E838-42F7-BECD-C7CBDAE9F0AC}.Release|x64.ActiveCfg = Release|Any CPU
		{107CC815-E838-42F7-BECD-C7CBDAE9F0AC}.Release|x64.Build.0 = Release|Any CPU
		{107CC815-E838-42F7-BECD-C7CBDAE9F0AC}.Release|x86.ActiveCfg = Release|Any CPU
		{107CC815-E838-42F7-BECD-C7CBDAE9F0AC}.Release|x86.Build.0 = Release|Any CPU
		{8657D888-162B-4044-BF28-DA692CABAC79}.Debug|Any CPU.ActiveCfg = Debug|Any CPU
		{8657D888-162B-4044-BF28-DA692CABAC79}.Debug|Any CPU.Build.0 = Debug|Any CPU
		{8657D888-162B-4044-BF28-DA692CABAC79}.Debug|x64.ActiveCfg = Debug|Any CPU
		{8657D888-162B-4044-BF28-DA692CABAC79}.Debug|x64.Build.0 = Debug|Any CPU
		{8657D888-162B-4044-BF28-DA692CABAC79}.Debug|x86.ActiveCfg = Debug|Any CPU
		{8657D888-162B-4044-BF28-DA692CABAC79}.Debug|x86.Build.0 = Debug|Any CPU
		{8657D888-162B-4044-BF28-DA692CABAC79}.Release|Any CPU.ActiveCfg = Release|Any CPU
		{8657D888-162B-4044-BF28-DA692CABAC79}.Release|Any CPU.Build.0 = Release|Any CPU
		{8657D888-162B-4044-BF28-DA692CABAC79}.Release|x64.ActiveCfg = Release|Any CPU
		{8657D888-162B-4044-BF28-DA692CABAC79}.Release|x64.Build.0 = Release|Any CPU
		{8657D888-162B-4044-BF28-DA692CABAC79}.Release|x86.ActiveCfg = Release|Any CPU
		{8657D888-162B-4044-BF28-DA692CABAC79}.Release|x86.Build.0 = Release|Any CPU
		{B68132B6-0488-4BAF-9E9D-C98501488B2B}.Debug|Any CPU.ActiveCfg = Debug|Any CPU
		{B68132B6-0488-4BAF-9E9D-C98501488B2B}.Debug|Any CPU.Build.0 = Debug|Any CPU
		{B68132B6-0488-4BAF-9E9D-C98501488B2B}.Debug|x64.ActiveCfg = Debug|Any CPU
		{B68132B6-0488-4BAF-9E9D-C98501488B2B}.Debug|x64.Build.0 = Debug|Any CPU
		{B68132B6-0488-4BAF-9E9D-C98501488B2B}.Debug|x86.ActiveCfg = Debug|Any CPU
		{B68132B6-0488-4BAF-9E9D-C98501488B2B}.Debug|x86.Build.0 = Debug|Any CPU
		{B68132B6-0488-4BAF-9E9D-C98501488B2B}.Release|Any CPU.ActiveCfg = Release|Any CPU
		{B68132B6-0488-4BAF-9E9D-C98501488B2B}.Release|Any CPU.Build.0 = Release|Any CPU
		{B68132B6-0488-4BAF-9E9D-C98501488B2B}.Release|x64.ActiveCfg = Release|Any CPU
		{B68132B6-0488-4BAF-9E9D-C98501488B2B}.Release|x64.Build.0 = Release|Any CPU
		{B68132B6-0488-4BAF-9E9D-C98501488B2B}.Release|x86.ActiveCfg = Release|Any CPU
		{B68132B6-0488-4BAF-9E9D-C98501488B2B}.Release|x86.Build.0 = Release|Any CPU
		{E97E0CC0-48DC-4BC5-ACC3-EEE1DA043940}.Debug|Any CPU.ActiveCfg = Debug|Any CPU
		{E97E0CC0-48DC-4BC5-ACC3-EEE1DA043940}.Debug|Any CPU.Build.0 = Debug|Any CPU
		{E97E0CC0-48DC-4BC5-ACC3-EEE1DA043940}.Debug|x64.ActiveCfg = Debug|Any CPU
		{E97E0CC0-48DC-4BC5-ACC3-EEE1DA043940}.Debug|x64.Build.0 = Debug|Any CPU
		{E97E0CC0-48DC-4BC5-ACC3-EEE1DA043940}.Debug|x86.ActiveCfg = Debug|Any CPU
		{E97E0CC0-48DC-4BC5-ACC3-EEE1DA043940}.Debug|x86.Build.0 = Debug|Any CPU
		{E97E0CC0-48DC-4BC5-ACC3-EEE1DA043940}.Release|Any CPU.ActiveCfg = Release|Any CPU
		{E97E0CC0-48DC-4BC5-ACC3-EEE1DA043940}.Release|Any CPU.Build.0 = Release|Any CPU
		{E97E0CC0-48DC-4BC5-ACC3-EEE1DA043940}.Release|x64.ActiveCfg = Release|Any CPU
		{E97E0CC0-48DC-4BC5-ACC3-EEE1DA043940}.Release|x64.Build.0 = Release|Any CPU
		{E97E0CC0-48DC-4BC5-ACC3-EEE1DA043940}.Release|x86.ActiveCfg = Release|Any CPU
		{E97E0CC0-48DC-4BC5-ACC3-EEE1DA043940}.Release|x86.Build.0 = Release|Any CPU
	EndGlobalSection
	GlobalSection(SolutionProperties) = preSolution
		HideSolutionNode = FALSE
	EndGlobalSection
EndGlobal
